
Microsoft Visual Studio Solution File, Format Version 12.00
# Visual Studio 2015
Project("{FAE04EC0-301F-11D3-BF4B-00C04F79EFBC}") = "test_firebase_auth.CSharp", "test_firebase_auth.CSharp.csproj", "{7D6D79D2-B5F1-A77A-11FD-D87618548934}"
EndProject
Project("{FAE04EC0-301F-11D3-BF4B-00C04F79EFBC}") = "test_firebase_auth.CSharp.Editor", "test_firebase_auth.CSharp.Editor.csproj", "{893A6D83-3BCA-1375-B5C2-82B8F91A97C0}"
EndProject
Global
	GlobalSection(SolutionConfigurationPlatforms) = preSolution
		Debug|Any CPU = Debug|Any CPU
		Release|Any CPU = Release|Any CPU
	EndGlobalSection
	GlobalSection(ProjectConfigurationPlatforms) = postSolution
		{7D6D79D2-B5F1-A77A-11FD-D87618548934}.Debug|Any CPU.ActiveCfg = Debug|Any CPU
		{7D6D79D2-B5F1-A77A-11FD-D87618548934}.Debug|Any CPU.Build.0 = Debug|Any CPU
		{7D6D79D2-B5F1-A77A-11FD-D87618548934}.Release|Any CPU.ActiveCfg = Release|Any CPU
		{7D6D79D2-B5F1-A77A-11FD-D87618548934}.Release|Any CPU.Build.0 = Release|Any CPU
		{893A6D83-3BCA-1375-B5C2-82B8F91A97C0}.Debug|Any CPU.ActiveCfg = Debug|Any CPU
		{893A6D83-3BCA-1375-B5C2-82B8F91A97C0}.Debug|Any CPU.Build.0 = Debug|Any CPU
		{893A6D83-3BCA-1375-B5C2-82B8F91A97C0}.Release|Any CPU.ActiveCfg = Release|Any CPU
		{893A6D83-3BCA-1375-B5C2-82B8F91A97C0}.Release|Any CPU.Build.0 = Release|Any CPU
	EndGlobalSection
	GlobalSection(SolutionProperties) = preSolution
		HideSolutionNode = FALSE
	EndGlobalSection
EndGlobal
